Microsoft Visual Studio Solution File, Format Version 12.00
# Visual Studio Version 17
VisualStudioVersion = 17.5.2.0
MinimumVisualStudioVersion = 10.0.40219.1
Project("{FAE04EC0-301F-11D3-BF4B-00C04F79EFBC}") = "C# practica", "C# practica.csproj", "{D3B72CCC-95CA-12C1-AF15-AB59985B466E}"
EndProject
Global
	GlobalSection(SolutionConfigurationPlatforms) = preSolution
		Debug|Any CPU = Debug|Any CPU
		Release|Any CPU = Release|Any CPU
	EndGlobalSection
	GlobalSection(ProjectConfigurationPlatforms) = postSolution
		{D3B72CCC-95CA-12C1-AF15-AB59985B466E}.Debug|Any CPU.ActiveCfg = Debug|Any CPU
		{D3B72CCC-95CA-12C1-AF15-AB59985B466E}.Debug|Any CPU.Build.0 = Debug|Any CPU
		{D3B72CCC-95CA-12C1-AF15-AB59985B466E}.Release|Any CPU.ActiveCfg = Release|Any CPU
		{D3B72CCC-95CA-12C1-AF15-AB59985B466E}.Release|Any CPU.Build.0 = Release|Any CPU
	EndGlobalSection
	GlobalSection(SolutionProperties) = preSolution
		HideSolutionNode = FALSE
	EndGlobalSection
	GlobalSection(ExtensibilityGlobals) = postSolution
		SolutionGuid = {408CBF59-7749-44E8-B32D-5E22CF86A780}
	EndGlobalSection
EndGlobal
